
Microsoft Visual Studio Solution File, Format Version 12.00
# Visual Studio Version 17
VisualStudioVersion = 17.9.34728.123
MinimumVisualStudioVersion = 10.0.40219.1
Project("{9A19103F-16F7-4668-BE54-9A1E7A4F7556}") = "LoveQuiz.Server", "LoveQuiz.Server\LoveQuiz.Server.csproj", "{F52FC8B2-3BA2-4715-B984-57231939E227}"
EndProject
Project("{54A90642-561A-4BB1-A94E-469ADEE60C69}") = "lovequiz.client", "lovequiz.client\lovequiz.client.esproj", "{BDB75849-C744-46DB-BD36-6F4A5B5FD6CE}"
EndProject
Global
	GlobalSection(SolutionConfigurationPlatforms) = preSolution
		Debug|Any CPU = Debug|Any CPU
		Release|Any CPU = Release|Any CPU
	EndGlobalSection
	GlobalSection(ProjectConfigurationPlatforms) = postSolution
		{F52FC8B2-3BA2-4715-B984-57231939E227}.Debug|Any CPU.ActiveCfg = Debug|Any CPU
		{F52FC8B2-3BA2-4715-B984-57231939E227}.Debug|Any CPU.Build.0 = Debug|Any CPU
		{F52FC8B2-3BA2-4715-B984-57231939E227}.Release|Any CPU.ActiveCfg = Release|Any CPU
		{F52FC8B2-3BA2-4715-B984-57231939E227}.Release|Any CPU.Build.0 = Release|Any CPU
		{BDB75849-C744-46DB-BD36-6F4A5B5FD6CE}.Debug|Any CPU.ActiveCfg = Debug|Any CPU
		{BDB75849-C744-46DB-BD36-6F4A5B5FD6CE}.Debug|Any CPU.Build.0 = Debug|Any CPU
		{BDB75849-C744-46DB-BD36-6F4A5B5FD6CE}.Debug|Any CPU.Deploy.0 = Debug|Any CPU
		{BDB75849-C744-46DB-BD36-6F4A5B5FD6CE}.Release|Any CPU.ActiveCfg = Release|Any CPU
		{BDB75849-C744-46DB-BD36-6F4A5B5FD6CE}.Release|Any CPU.Build.0 = Release|Any CPU
		{BDB75849-C744-46DB-BD36-6F4A5B5FD6CE}.Release|Any CPU.Deploy.0 = Release|Any CPU
	EndGlobalSection
	GlobalSection(SolutionProperties) = preSolution
		HideSolutionNode = FALSE
	EndGlobalSection
	GlobalSection(ExtensibilityGlobals) = postSolution
		SolutionGuid = {654B829A-CBC2-4E22-B306-A7B60ACFBA32}
	EndGlobalSection
EndGlobal
